
Microsoft Visual Studio Solution File, Format Version 12.00
# Visual Studio Version 17
VisualStudioVersion = 17.5.33516.290
MinimumVisualStudioVersion = 10.0.40219.1
Project("{9A19103F-16F7-4668-BE54-9A1E7A4F7556}") = "Videoteca", "Videoteca\Videoteca.csproj", "{C79EB37E-0CDC-4C90-945A-394F3D366D8D}"
EndProject
Project("{9A19103F-16F7-4668-BE54-9A1E7A4F7556}") = "ReportPro", "..\..\..\..\Downloads\Demopdf\Demo\ReportPro\ReportPro.csproj", "{8CF0E590-4604-4190-8007-C93A2F278E41}"
EndProject
Project("{FAE04EC0-301F-11D3-BF4B-00C04F79EFBC}") = "Videoteca_API", "Videoteca_API\Videoteca_API.csproj", "{CD9250CE-F84B-4962-BA43-2D2DEE85F184}"
EndProject
Global
	GlobalSection(SolutionConfigurationPlatforms) = preSolution
		Debug|Any CPU = Debug|Any CPU
		Release|Any CPU = Release|Any CPU
	EndGlobalSection
	GlobalSection(ProjectConfigurationPlatforms) = postSolution
		{C79EB37E-0CDC-4C90-945A-394F3D366D8D}.Debug|Any CPU.ActiveCfg = Debug|Any CPU
		{C79EB37E-0CDC-4C90-945A-394F3D366D8D}.Debug|Any CPU.Build.0 = Debug|Any CPU
		{C79EB37E-0CDC-4C90-945A-394F3D366D8D}.Release|Any CPU.ActiveCfg = Release|Any CPU
		{C79EB37E-0CDC-4C90-945A-394F3D366D8D}.Release|Any CPU.Build.0 = Release|Any CPU
		{8CF0E590-4604-4190-8007-C93A2F278E41}.Debug|Any CPU.ActiveCfg = Debug|Any CPU
		{8CF0E590-4604-4190-8007-C93A2F278E41}.Debug|Any CPU.Build.0 = Debug|Any CPU
		{8CF0E590-4604-4190-8007-C93A2F278E41}.Release|Any CPU.ActiveCfg = Release|Any CPU
		{8CF0E590-4604-4190-8007-C93A2F278E41}.Release|Any CPU.Build.0 = Release|Any CPU
		{CD9250CE-F84B-4962-BA43-2D2DEE85F184}.Debug|Any CPU.ActiveCfg = Debug|Any CPU
		{CD9250CE-F84B-4962-BA43-2D2DEE85F184}.Debug|Any CPU.Build.0 = Debug|Any CPU
		{CD9250CE-F84B-4962-BA43-2D2DEE85F184}.Release|Any CPU.ActiveCfg = Release|Any CPU
		{CD9250CE-F84B-4962-BA43-2D2DEE85F184}.Release|Any CPU.Build.0 = Release|Any CPU
	EndGlobalSection
	GlobalSection(SolutionProperties) = preSolution
		HideSolutionNode = FALSE
	EndGlobalSection
	GlobalSection(ExtensibilityGlobals) = postSolution
		SolutionGuid = {1040D8D1-4F0B-42D9-8B89-3D449E665EA0}
	EndGlobalSection
EndGlobal
